
Microsoft Visual Studio Solution File, Format Version 12.00
# Visual Studio Version 17
VisualStudioVersion = 17.2.32630.192
MinimumVisualStudioVersion = 10.0.40219.1
Project("{9A19103F-16F7-4668-BE54-9A1E7A4F7556}") = "TrilhaApiDesafio", "TrilhaApiDesafio.csproj", "{A2219967-F6E7-4CF1-8BF2-F812A317C09D}"
EndProject
Global
	GlobalSection(SolutionConfigurationPlatforms) = preSolution
		Debug|Any CPU = Debug|Any CPU
		Release|Any CPU = Release|Any CPU
	EndGlobalSection
	GlobalSection(ProjectConfigurationPlatforms) = postSolution
		{A2219967-F6E7-4CF1-8BF2-F812A317C09D}.Debug|Any CPU.ActiveCfg = Debug|Any CPU
		{A2219967-F6E7-4CF1-8BF2-F812A317C09D}.Debug|Any CPU.Build.0 = Debug|Any CPU
		{A2219967-F6E7-4CF1-8BF2-F812A317C09D}.Release|Any CPU.ActiveCfg = Release|Any CPU
		{A2219967-F6E7-4CF1-8BF2-F812A317C09D}.Release|Any CPU.Build.0 = Release|Any CPU
	EndGlobalSection
	GlobalSection(SolutionProperties) = preSolution
		HideSolutionNode = FALSE
	EndGlobalSection
	GlobalSection(ExtensibilityGlobals) = postSolution
		SolutionGuid = {642E6BAB-55A6-4023-9982-AE6CC43E1847}
	EndGlobalSection
EndGlobal
